
Microsoft Visual Studio Solution File, Format Version 12.00
# Visual Studio Version 17
VisualStudioVersion = 17.8.34309.116
MinimumVisualStudioVersion = 10.0.40219.1
Project("{FAE04EC0-301F-11D3-BF4B-00C04F79EFBC}") = "RegisterLoginMVC", "RegisterLoginMVC\RegisterLoginMVC.csproj", "{465248FB-6FD1-4907-A601-531177056535}"
EndProject
Global
	GlobalSection(SolutionConfigurationPlatforms) = preSolution
		Debug|Any CPU = Debug|Any CPU
		Release|Any CPU = Release|Any CPU
	EndGlobalSection
	GlobalSection(ProjectConfigurationPlatforms) = postSolution
		{465248FB-6FD1-4907-A601-531177056535}.Debug|Any CPU.ActiveCfg = Debug|Any CPU
		{465248FB-6FD1-4907-A601-531177056535}.Debug|Any CPU.Build.0 = Debug|Any CPU
		{465248FB-6FD1-4907-A601-531177056535}.Release|Any CPU.ActiveCfg = Release|Any CPU
		{465248FB-6FD1-4907-A601-531177056535}.Release|Any CPU.Build.0 = Release|Any CPU
	EndGlobalSection
	GlobalSection(SolutionProperties) = preSolution
		HideSolutionNode = FALSE
	EndGlobalSection
	GlobalSection(ExtensibilityGlobals) = postSolution
		SolutionGuid = {DD5EAB2D-7A16-4511-B027-69C566E9F476}
	EndGlobalSection
EndGlobal
